
Microsoft Visual Studio Solution File, Format Version 10.00
# Visual Studio 2008
Project("{8BC9CEB8-8B4A-11D0-8D11-00A0C91BC942}") = "GradutedProject", "GradutedProject\GradutedProject.vcproj", "{7FE2C3EF-0401-4412-BC14-F72210B92879}"
EndProject
Global
	GlobalSection(SolutionConfigurationPlatforms) = preSolution
		Debug|Win32 = Debug|Win32
		Release|Win32 = Release|Win32
	EndGlobalSection
	GlobalSection(ProjectConfigurationPlatforms) = postSolution
		{7FE2C3EF-0401-4412-BC14-F72210B92879}.Debug|Win32.ActiveCfg = Debug|Win32
		{7FE2C3EF-0401-4412-BC14-F72210B92879}.Debug|Win32.Build.0 = Debug|Win32
		{7FE2C3EF-0401-4412-BC14-F72210B92879}.Release|Win32.ActiveCfg = Release|Win32
		{7FE2C3EF-0401-4412-BC14-F72210B92879}.Release|Win32.Build.0 = Release|Win32
	EndGlobalSection
	GlobalSection(SolutionProperties) = preSolution
		HideSolutionNode = FALSE
	EndGlobalSection
EndGlobal
